// !$*UTF8*$!
{
	archiveVersion = 1;
	classes = {
	};
	objectVersion = 50;
	objects = {

/* Begin PBXBuildFile section */
		401B17672122CA6E00FBE1BB /* Alamofire.framework in Frameworks */ = {isa = PBXBuildFile; fileRef = 401B17662122CA6E00FBE1BB /* Alamofire.framework */; };
		CB2C6549211FFC4000BABD68 /* SnapKit.framework in Frameworks */ = {isa = PBXBuildFile; fileRef = CB78A8EC211EB75000DEA084 /* SnapKit.framework */; };
		CB2C654C212037AC00BABD68 /* MineViewController.swift in Sources */ = {isa = PBXBuildFile; fileRef = CB2C654A212037AC00BABD68 /* MineViewController.swift */; };
		CB2C654D212037AC00BABD68 /* MineViewController.xib in Resources */ = {isa = PBXBuildFile; fileRef = CB2C654B212037AC00BABD68 /* MineViewController.xib */; };
		CB2C6550212037F200BABD68 /* ClassMateViewController.swift in Sources */ = {isa = PBXBuildFile; fileRef = CB2C654E212037F200BABD68 /* ClassMateViewController.swift */; };
		CB2C6551212037F200BABD68 /* ClassMateViewController.xib in Resources */ = {isa = PBXBuildFile; fileRef = CB2C654F212037F200BABD68 /* ClassMateViewController.xib */; };
		CB2C65542120385200BABD68 /* CourseViewController.swift in Sources */ = {isa = PBXBuildFile; fileRef = CB2C65522120385200BABD68 /* CourseViewController.swift */; };
		CB2C65552120385200BABD68 /* CourseViewController.xib in Resources */ = {isa = PBXBuildFile; fileRef = CB2C65532120385200BABD68 /* CourseViewController.xib */; };
		CB78A8B1211E9A2E00DEA084 /* AppDelegate.swift in Sources */ = {isa = PBXBuildFile; fileRef = CB78A8B0211E9A2E00DEA084 /* AppDelegate.swift */; };
		CB78A8B3211E9A2E00DEA084 /* ViewController.swift in Sources */ = {isa = PBXBuildFile; fileRef = CB78A8B2211E9A2E00DEA084 /* ViewController.swift */; };
		CB78A8B6211E9A2E00DEA084 /* Main.storyboard in Resources */ = {isa = PBXBuildFile; fileRef = CB78A8B4211E9A2E00DEA084 /* Main.storyboard */; };
		CB78A8B8211E9A3400DEA084 /* Assets.xcassets in Resources */ = {isa = PBXBuildFile; fileRef = CB78A8B7211E9A3400DEA084 /* Assets.xcassets */; };
		CB78A8BB211E9A3400DEA084 /* LaunchScreen.storyboard in Resources */ = {isa = PBXBuildFile; fileRef = CB78A8B9211E9A3400DEA084 /* LaunchScreen.storyboard */; };
		CB78A8C6211E9A3400DEA084 /* ClassGroupTests.swift in Sources */ = {isa = PBXBuildFile; fileRef = CB78A8C5211E9A3400DEA084 /* ClassGroupTests.swift */; };
		CB78A8D1211E9A3400DEA084 /* ClassGroupUITests.swift in Sources */ = {isa = PBXBuildFile; fileRef = CB78A8D0211E9A3400DEA084 /* ClassGroupUITests.swift */; };
		CB78A8E5211EA0B400DEA084 /* MainTabbarVC.swift in Sources */ = {isa = PBXBuildFile; fileRef = CB78A8E3211EA0B400DEA084 /* MainTabbarVC.swift */; };
		CB78A8E6211EA0B400DEA084 /* MainTabbarVC.xib in Resources */ = {isa = PBXBuildFile; fileRef = CB78A8E4211EA0B400DEA084 /* MainTabbarVC.xib */; };
		CB78A8E9211EA8AF00DEA084 /* MainViewController.swift in Sources */ = {isa = PBXBuildFile; fileRef = CB78A8E7211EA8AF00DEA084 /* MainViewController.swift */; };
		CB78A8EA211EA8AF00DEA084 /* MainViewController.xib in Resources */ = {isa = PBXBuildFile; fileRef = CB78A8E8211EA8AF00DEA084 /* MainViewController.xib */; };
/* End PBXBuildFile section */

/* Begin PBXContainerItemProxy section */
		CB78A8C2211E9A3400DEA084 /* PBXContainerItemProxy */ = {
			isa = PBXContainerItemProxy;
			containerPortal = CB78A8A5211E9A2E00DEA084 /* Project object */;
			proxyType = 1;
			remoteGlobalIDString = CB78A8AC211E9A2E00DEA084;
			remoteInfo = ClassGroup;
		};
		CB78A8CD211E9A3400DEA084 /* PBXContainerItemProxy */ = {
			isa = PBXContainerItemProxy;
			containerPortal = CB78A8A5211E9A2E00DEA084 /* Project object */;
			proxyType = 1;
			remoteGlobalIDString = CB78A8AC211E9A2E00DEA084;
			remoteInfo = ClassGroup;
		};
/* End PBXContainerItemProxy section */

/* Begin PBXFileReference section */
		401B17662122CA6E00FBE1BB /* Alamofire.framework */ = {isa = PBXFileReference; lastKnownFileType = wrapper.framework; name = Alamofire.framework; path = Carthage/Build/iOS/Alamofire.framework; sourceTree = "<group>"; };
		CB2C654A212037AC00BABD68 /* MineViewController.swift */ = {isa = PBXFileReference; lastKnownFileType = sourcecode.swift; path = MineViewController.swift; sourceTree = "<group>"; };
		CB2C654B212037AC00BABD68 /* MineViewController.xib */ = {isa = PBXFileReference; lastKnownFileType = file.xib; path = MineViewController.xib; sourceTree = "<group>"; };
		CB2C654E212037F200BABD68 /* ClassMateViewController.swift */ = {isa = PBXFileReference; lastKnownFileType = sourcecode.swift; path = ClassMateViewController.swift; sourceTree = "<group>"; };
		CB2C654F212037F200BABD68 /* ClassMateViewController.xib */ = {isa = PBXFileReference; lastKnownFileType = file.xib; path = ClassMateViewController.xib; sourceTree = "<group>"; };
		CB2C65522120385200BABD68 /* CourseViewController.swift */ = {isa = PBXFileReference; lastKnownFileType = sourcecode.swift; path = CourseViewController.swift; sourceTree = "<group>"; };
		CB2C65532120385200BABD68 /* CourseViewController.xib */ = {isa = PBXFileReference; lastKnownFileType = file.xib; path = CourseViewController.xib; sourceTree = "<group>"; };
		CB78A8AD211E9A2E00DEA084 /* ClassGroup.app */ = {isa = PBXFileReference; explicitFileType = wrapper.application; includeInIndex = 0; path = ClassGroup.app; sourceTree = BUILT_PRODUCTS_DIR; };
		CB78A8B0211E9A2E00DEA084 /* AppDelegate.swift */ = {isa = PBXFileReference; lastKnownFileType = sourcecode.swift; path = AppDelegate.swift; sourceTree = "<group>"; };
		CB78A8B2211E9A2E00DEA084 /* ViewController.swift */ = {isa = PBXFileReference; lastKnownFileType = sourcecode.swift; path = ViewController.swift; sourceTree = "<group>"; };
		CB78A8B5211E9A2E00DEA084 /* Base */ = {isa = PBXFileReference; lastKnownFileType = file.storyboard; name = Base; path = Base.lproj/Main.storyboard; sourceTree = "<group>"; };
		CB78A8B7211E9A3400DEA084 /* Assets.xcassets */ = {isa = PBXFileReference; lastKnownFileType = folder.assetcatalog; path = Assets.xcassets; sourceTree = "<group>"; };
		CB78A8BA211E9A3400DEA084 /* Base */ = {isa = PBXFileReference; lastKnownFileType = file.storyboard; name = Base; path = Base.lproj/LaunchScreen.storyboard; sourceTree = "<group>"; };
		CB78A8BC211E9A3400DEA084 /* Info.plist */ = {isa = PBXFileReference; lastKnownFileType = text.plist.xml; path = Info.plist; sourceTree = "<group>"; };
		CB78A8C1211E9A3400DEA084 /* ClassGroupTests.xctest */ = {isa = PBXFileReference; explicitFileType = wrapper.cfbundle; includeInIndex = 0; path = ClassGroupTests.xctest; sourceTree = BUILT_PRODUCTS_DIR; };
		CB78A8C5211E9A3400DEA084 /* ClassGroupTests.swift */ = {isa = PBXFileReference; lastKnownFileType = sourcecode.swift; path = ClassGroupTests.swift; sourceTree = "<group>"; };
		CB78A8C7211E9A3400DEA084 /* Info.plist */ = {isa = PBXFileReference; lastKnownFileType = text.plist.xml; path = Info.plist; sourceTree = "<group>"; };
		CB78A8CC211E9A3400DEA084 /* ClassGroupUITests.xctest */ = {isa = PBXFileReference; explicitFileType = wrapper.cfbundle; includeInIndex = 0; path = ClassGroupUITests.xctest; sourceTree = BUILT_PRODUCTS_DIR; };
		CB78A8D0211E9A3400DEA084 /* ClassGroupUITests.swift */ = {isa = PBXFileReference; lastKnownFileType = sourcecode.swift; path = ClassGroupUITests.swift; sourceTree = "<group>"; };
		CB78A8D2211E9A3400DEA084 /* Info.plist */ = {isa = PBXFileReference; lastKnownFileType = text.plist.xml; path = Info.plist; sourceTree = "<group>"; };
		CB78A8E3211EA0B400DEA084 /* MainTabbarVC.swift */ = {isa = PBXFileReference; lastKnownFileType = sourcecode.swift; path = MainTabbarVC.swift; sourceTree = "<group>"; };
		CB78A8E4211EA0B400DEA084 /* MainTabbarVC.xib */ = {isa = PBXFileReference; lastKnownFileType = file.xib; path = MainTabbarVC.xib; sourceTree = "<group>"; };
		CB78A8E7211EA8AF00DEA084 /* MainViewController.swift */ = {isa = PBXFileReference; lastKnownFileType = sourcecode.swift; path = MainViewController.swift; sourceTree = "<group>"; };
		CB78A8E8211EA8AF00DEA084 /* MainViewController.xib */ = {isa = PBXFileReference; lastKnownFileType = file.xib; path = MainViewController.xib; sourceTree = "<group>"; };
		CB78A8EC211EB75000DEA084 /* SnapKit.framework */ = {isa = PBXFileReference; lastKnownFileType = wrapper.framework; name = SnapKit.framework; path = Carthage/Build/iOS/SnapKit.framework; sourceTree = "<group>"; };
/* End PBXFileReference section */

/* Begin PBXFrameworksBuildPhase section */
		CB78A8AA211E9A2E00DEA084 /* Frameworks */ = {
			isa = PBXFrameworksBuildPhase;
			buildActionMask = 2147483647;
			files = (
				401B17672122CA6E00FBE1BB /* Alamofire.framework in Frameworks */,
				CB2C6549211FFC4000BABD68 /* SnapKit.framework in Frameworks */,
			);
			runOnlyForDeploymentPostprocessing = 0;
		};
		CB78A8BE211E9A3400DEA084 /* Frameworks */ = {
			isa = PBXFrameworksBuildPhase;
			buildActionMask = 2147483647;
			files = (
			);
			runOnlyForDeploymentPostprocessing = 0;
		};
		CB78A8C9211E9A3400DEA084 /* Frameworks */ = {
			isa = PBXFrameworksBuildPhase;
			buildActionMask = 2147483647;
			files = (
			);
			runOnlyForDeploymentPostprocessing = 0;
		};
/* End PBXFrameworksBuildPhase section */

/* Begin PBXGroup section */
		CB78A8A4211E9A2E00DEA084 = {
			isa = PBXGroup;
			children = (
				CB78A8AF211E9A2E00DEA084 /* ClassGroup */,
				CB78A8C4211E9A3400DEA084 /* ClassGroupTests */,
				CB78A8CF211E9A3400DEA084 /* ClassGroupUITests */,
				CB78A8AE211E9A2E00DEA084 /* Products */,
				CB78A8EB211EB75000DEA084 /* Frameworks */,
			);
			sourceTree = "<group>";
		};
		CB78A8AE211E9A2E00DEA084 /* Products */ = {
			isa = PBXGroup;
			children = (
				CB78A8AD211E9A2E00DEA084 /* ClassGroup.app */,
				CB78A8C1211E9A3400DEA084 /* ClassGroupTests.xctest */,
				CB78A8CC211E9A3400DEA084 /* ClassGroupUITests.xctest */,
			);
			name = Products;
			sourceTree = "<group>";
		};
		CB78A8AF211E9A2E00DEA084 /* ClassGroup */ = {
			isa = PBXGroup;
			children = (
				CB78A8DE211E9B3200DEA084 /* Main */,
				CB78A8B0211E9A2E00DEA084 /* AppDelegate.swift */,
				CB78A8B2211E9A2E00DEA084 /* ViewController.swift */,
				CB78A8B4211E9A2E00DEA084 /* Main.storyboard */,
				CB78A8B7211E9A3400DEA084 /* Assets.xcassets */,
				CB78A8B9211E9A3400DEA084 /* LaunchScreen.storyboard */,
				CB78A8BC211E9A3400DEA084 /* Info.plist */,
			);
			path = ClassGroup;
			sourceTree = "<group>";
		};
		CB78A8C4211E9A3400DEA084 /* ClassGroupTests */ = {
			isa = PBXGroup;
			children = (
				CB78A8C5211E9A3400DEA084 /* ClassGroupTests.swift */,
				CB78A8C7211E9A3400DEA084 /* Info.plist */,
			);
			path = ClassGroupTests;
			sourceTree = "<group>";
		};
		CB78A8CF211E9A3400DEA084 /* ClassGroupUITests */ = {
			isa = PBXGroup;
			children = (
				CB78A8D0211E9A3400DEA084 /* ClassGroupUITests.swift */,
				CB78A8D2211E9A3400DEA084 /* Info.plist */,
			);
			path = ClassGroupUITests;
			sourceTree = "<group>";
		};
		CB78A8DE211E9B3200DEA084 /* Main */ = {
			isa = PBXGroup;
			children = (
				CB78A8E3211EA0B400DEA084 /* MainTabbarVC.swift */,
				CB78A8E4211EA0B400DEA084 /* MainTabbarVC.xib */,
				CB78A8E7211EA8AF00DEA084 /* MainViewController.swift */,
				CB78A8E8211EA8AF00DEA084 /* MainViewController.xib */,
				CB2C654A212037AC00BABD68 /* MineViewController.swift */,
				CB2C654B212037AC00BABD68 /* MineViewController.xib */,
				CB2C654E212037F200BABD68 /* ClassMateViewController.swift */,
				CB2C654F212037F200BABD68 /* ClassMateViewController.xib */,
				CB2C65522120385200BABD68 /* CourseViewController.swift */,
				CB2C65532120385200BABD68 /* CourseViewController.xib */,
			);
			path = Main;
			sourceTree = "<group>";
		};
		CB78A8EB211EB75000DEA084 /* Frameworks */ = {
			isa = PBXGroup;
			children = (
				401B17662122CA6E00FBE1BB /* Alamofire.framework */,
				CB78A8EC211EB75000DEA084 /* SnapKit.framework */,
			);
			name = Frameworks;
			sourceTree = "<group>";
		};
/* End PBXGroup section */

/* Begin PBXNativeTarget section */
		CB78A8AC211E9A2E00DEA084 /* ClassGroup */ = {
			isa = PBXNativeTarget;
			buildConfigurationList = CB78A8D5211E9A3400DEA084 /* Build configuration list for PBXNativeTarget "ClassGroup" */;
			buildPhases = (
				CB78A8A9211E9A2E00DEA084 /* Sources */,
				CB78A8AA211E9A2E00DEA084 /* Frameworks */,
				CB78A8AB211E9A2E00DEA084 /* Resources */,
				CB78A8EE211EB77100DEA084 /* ShellScript */,
			);
			buildRules = (
			);
			dependencies = (
			);
			name = ClassGroup;
			productName = ClassGroup;
			productReference = CB78A8AD211E9A2E00DEA084 /* ClassGroup.app */;
			productType = "com.apple.product-type.application";
		};
		CB78A8C0211E9A3400DEA084 /* ClassGroupTests */ = {
			isa = PBXNativeTarget;
			buildConfigurationList = CB78A8D8211E9A3400DEA084 /* Build configuration list for PBXNativeTarget "ClassGroupTests" */;
			buildPhases = (
				CB78A8BD211E9A3400DEA084 /* Sources */,
				CB78A8BE211E9A3400DEA084 /* Frameworks */,
				CB78A8BF211E9A3400DEA084 /* Resources */,
			);
			buildRules = (
			);
			dependencies = (
				CB78A8C3211E9A3400DEA084 /* PBXTargetDependency */,
			);
			name = ClassGroupTests;
			productName = ClassGroupTests;
			productReference = CB78A8C1211E9A3400DEA084 /* ClassGroupTests.xctest */;
			productType = "com.apple.product-type.bundle.unit-test";
		};
		CB78A8CB211E9A3400DEA084 /* ClassGroupUITests */ = {
			isa = PBXNativeTarget;
			buildConfigurationList = CB78A8DB211E9A3400DEA084 /* Build configuration list for PBXNativeTarget "ClassGroupUITests" */;
			buildPhases = (
				CB78A8C8211E9A3400DEA084 /* Sources */,
				CB78A8C9211E9A3400DEA084 /* Frameworks */,
				CB78A8CA211E9A3400DEA084 /* Resources */,
			);
			buildRules = (
			);
			dependencies = (
				CB78A8CE211E9A3400DEA084 /* PBXTargetDependency */,
			);
			name = ClassGroupUITests;
			productName = ClassGroupUITests;
			productReference = CB78A8CC211E9A3400DEA084 /* ClassGroupUITests.xctest */;
			productType = "com.apple.product-type.bundle.ui-testing";
		};
/* End PBXNativeTarget section */

/* Begin PBXProject section */
		CB78A8A5211E9A2E00DEA084 /* Project object */ = {
			isa = PBXProject;
			attributes = {
				LastSwiftUpdateCheck = 0940;
				LastUpgradeCheck = 0940;
				ORGANIZATIONNAME = "Corpse Le";
				TargetAttributes = {
					CB78A8AC211E9A2E00DEA084 = {
						CreatedOnToolsVersion = 9.4.1;
					};
					CB78A8C0211E9A3400DEA084 = {
						CreatedOnToolsVersion = 9.4.1;
						TestTargetID = CB78A8AC211E9A2E00DEA084;
					};
					CB78A8CB211E9A3400DEA084 = {
						CreatedOnToolsVersion = 9.4.1;
						TestTargetID = CB78A8AC211E9A2E00DEA084;
					};
				};
			};
			buildConfigurationList = CB78A8A8211E9A2E00DEA084 /* Build configuration list for PBXProject "ClassGroup" */;
			compatibilityVersion = "Xcode 9.3";
			developmentRegion = en;
			hasScannedForEncodings = 0;
			knownRegions = (
				en,
				Base,
			);
			mainGroup = CB78A8A4211E9A2E00DEA084;
			productRefGroup = CB78A8AE211E9A2E00DEA084 /* Products */;
			projectDirPath = "";
			projectRoot = "";
			targets = (
				CB78A8AC211E9A2E00DEA084 /* ClassGroup */,
				CB78A8C0211E9A3400DEA084 /* ClassGroupTests */,
				CB78A8CB211E9A3400DEA084 /* ClassGroupUITests */,
			);
		};
/* End PBXProject section */

/* Begin PBXResourcesBuildPhase section */
		CB78A8AB211E9A2E00DEA084 /* Resources */ = {
			isa = PBXResourcesBuildPhase;
			buildActionMask = 2147483647;
			files = (
				CB78A8BB211E9A3400DEA084 /* LaunchScreen.storyboard in Resources */,
				CB2C65552120385200BABD68 /* CourseViewController.xib in Resources */,
				CB78A8B8211E9A3400DEA084 /* Assets.xcassets in Resources */,
				CB78A8EA211EA8AF00DEA084 /* MainViewController.xib in Resources */,
				CB78A8B6211E9A2E00DEA084 /* Main.storyboard in Resources */,
				CB78A8E6211EA0B400DEA084 /* MainTabbarVC.xib in Resources */,
				CB2C654D212037AC00BABD68 /* MineViewController.xib in Resources */,
				CB2C6551212037F200BABD68 /* ClassMateViewController.xib in Resources */,
			);
			runOnlyForDeploymentPostprocessing = 0;
		};
		CB78A8BF211E9A3400DEA084 /* Resources */ = {
			isa = PBXResourcesBuildPhase;
			buildActionMask = 2147483647;
			files = (
			);
			runOnlyForDeploymentPostprocessing = 0;
		};
		CB78A8CA211E9A3400DEA084 /* Resources */ = {
			isa = PBXResourcesBuildPhase;
			buildActionMask = 2147483647;
			files = (
			);
			runOnlyForDeploymentPostprocessing = 0;
		};
/* End PBXResourcesBuildPhase section */

/* Begin PBXShellScriptBuildPhase section */
		CB78A8EE211EB77100DEA084 /* ShellScript */ = {
			isa = PBXShellScriptBuildPhase;
			buildActionMask = 2147483647;
			files = (
			);
			inputPaths = (
				"$(SRCROOT)/Carthage/Build/iOS/SnapKit.framework",
				"$(SRCROOT)/Carthage/Build/iOS/Alamofire.framework",
			);
			outputPaths = (
			);
			runOnlyForDeploymentPostprocessing = 0;
			shellPath = /bin/sh;
			shellScript = "/usr/local/bin/carthage copy-frameworks";
		};
/* End PBXShellScriptBuildPhase section */

/* Begin PBXSourcesBuildPhase section */
		CB78A8A9211E9A2E00DEA084 /* Sources */ = {
			isa = PBXSourcesBuildPhase;
			buildActionMask = 2147483647;
			files = (
				CB78A8E5211EA0B400DEA084 /* MainTabbarVC.swift in Sources */,
				CB78A8B3211E9A2E00DEA084 /* ViewController.swift in Sources */,
				CB2C6550212037F200BABD68 /* ClassMateViewController.swift in Sources */,
				CB78A8B1211E9A2E00DEA084 /* AppDelegate.swift in Sources */,
				CB78A8E9211EA8AF00DEA084 /* MainViewController.swift in Sources */,
				CB2C654C212037AC00BABD68 /* MineViewController.swift in Sources */,
				CB2C65542120385200BABD68 /* CourseViewController.swift in Sources */,
			);
			runOnlyForDeploymentPostprocessing = 0;
		};
		CB78A8BD211E9A3400DEA084 /* Sources */ = {
			isa = PBXSourcesBuildPhase;
			buildActionMask = 2147483647;
			files = (
				CB78A8C6211E9A3400DEA084 /* ClassGroupTests.swift in Sources */,
			);
			runOnlyForDeploymentPostprocessing = 0;
		};
		CB78A8C8211E9A3400DEA084 /* Sources */ = {
			isa = PBXSourcesBuildPhase;
			buildActionMask = 2147483647;
			files = (
				CB78A8D1211E9A3400DEA084 /* ClassGroupUITests.swift in Sources */,
			);
			runOnlyForDeploymentPostprocessing = 0;
		};
/* End PBXSourcesBuildPhase section */

/* Begin PBXTargetDependency section */
		CB78A8C3211E9A3400DEA084 /* PBXTargetDependency */ = {
			isa = PBXTargetDependency;
			target = CB78A8AC211E9A2E00DEA084 /* ClassGroup */;
			targetProxy = CB78A8C2211E9A3400DEA084 /* PBXContainerItemProxy */;
		};
		CB78A8CE211E9A3400DEA084 /* PBXTargetDependency */ = {
			isa = PBXTargetDependency;
			target = CB78A8AC211E9A2E00DEA084 /* ClassGroup */;
			targetProxy = CB78A8CD211E9A3400DEA084 /* PBXContainerItemProxy */;
		};
/* End PBXTargetDependency section */

/* Begin PBXVariantGroup section */
		CB78A8B4211E9A2E00DEA084 /* Main.storyboard */ = {
			isa = PBXVariantGroup;
			children = (
				CB78A8B5211E9A2E00DEA084 /* Base */,
			);
			name = Main.storyboard;
			sourceTree = "<group>";
		};
		CB78A8B9211E9A3400DEA084 /* LaunchScreen.storyboard */ = {
			isa = PBXVariantGroup;
			children = (
				CB78A8BA211E9A3400DEA084 /* Base */,
			);
			name = LaunchScreen.storyboard;
			sourceTree = "<group>";
		};
/* End PBXVariantGroup section */

/* Begin XCBuildConfiguration section */
		CB78A8D3211E9A3400DEA084 /* Debug */ = {
			isa = XCBuildConfiguration;
			buildSettings = {
				ALWAYS_SEARCH_USER_PATHS = NO;
				CLANG_ANALYZER_NONNULL = YES;
				CLANG_ANALYZER_NUMBER_OBJECT_CONVERSION = YES_AGGRESSIVE;
				CLANG_CXX_LANGUAGE_STANDARD = "gnu++14";
				CLANG_CXX_LIBRARY = "libc++";
				CLANG_ENABLE_MODULES = YES;
				CLANG_ENABLE_OBJC_ARC = YES;
				CLANG_ENABLE_OBJC_WEAK = YES;
				CLANG_WARN_BLOCK_CAPTURE_AUTORELEASING = YES;
				CLANG_WARN_BOOL_CONVERSION = YES;
				CLANG_WARN_COMMA = YES;
				CLANG_WARN_CONSTANT_CONVERSION = YES;
				CLANG_WARN_DEPRECATED_OBJC_IMPLEMENTATIONS = YES;
				CLANG_WARN_DIRECT_OBJC_ISA_USAGE = YES_ERROR;
				CLANG_WARN_DOCUMENTATION_COMMENTS = YES;
				CLANG_WARN_EMPTY_BODY = YES;
				CLANG_WARN_ENUM_CONVERSION = YES;
				CLANG_WARN_INFINITE_RECURSION = YES;
				CLANG_WARN_INT_CONVERSION = YES;
				CLANG_WARN_NON_LITERAL_NULL_CONVERSION = YES;
				CLANG_WARN_OBJC_IMPLICIT_RETAIN_SELF = YES;
				CLANG_WARN_OBJC_LITERAL_CONVERSION = YES;
				CLANG_WARN_OBJC_ROOT_CLASS = YES_ERROR;
				CLANG_WARN_RANGE_LOOP_ANALYSIS = YES;
				CLANG_WARN_STRICT_PROTOTYPES = YES;
				CLANG_WARN_SUSPICIOUS_MOVE = YES;
				CLANG_WARN_UNGUARDED_AVAILABILITY = YES_AGGRESSIVE;
				CLANG_WARN_UNREACHABLE_CODE = YES;
				CLANG_WARN__DUPLICATE_METHOD_MATCH = YES;
				CODE_SIGN_IDENTITY = "iPhone Developer";
				COPY_PHASE_STRIP = NO;
				DEBUG_INFORMATION_FORMAT = dwarf;
				ENABLE_STRICT_OBJC_MSGSEND = YES;
				ENABLE_TESTABILITY = YES;
				GCC_C_LANGUAGE_STANDARD = gnu11;
				GCC_DYNAMIC_NO_PIC = NO;
				GCC_NO_COMMON_BLOCKS = YES;
				GCC_OPTIMIZATION_LEVEL = 0;
				GCC_PREPROCESSOR_DEFINITIONS = (
					"DEBUG=1",
					"$(inherited)",
				);
				GCC_WARN_64_TO_32_BIT_CONVERSION = YES;
				GCC_WARN_ABOUT_RETURN_TYPE = YES_ERROR;
				GCC_WARN_UNDECLARED_SELECTOR = YES;
				GCC_WARN_UNINITIALIZED_AUTOS = YES_AGGRESSIVE;
				GCC_WARN_UNUSED_FUNCTION = YES;
				GCC_WARN_UNUSED_VARIABLE = YES;
				IPHONEOS_DEPLOYMENT_TARGET = 11.4;
				MTL_ENABLE_DEBUG_INFO = YES;
				ONLY_ACTIVE_ARCH = YES;
				SDKROOT = iphoneos;
				SWIFT_ACTIVE_COMPILATION_CONDITIONS = DEBUG;
				SWIFT_OPTIMIZATION_LEVEL = "-Onone";
			};
			name = Debug;
		};
		CB78A8D4211E9A3400DEA084 /* Release */ = {
			isa = XCBuildConfiguration;
			buildSettings = {
				ALWAYS_SEARCH_USER_PATHS = NO;
				CLANG_ANALYZER_NONNULL = YES;
				CLANG_ANALYZER_NUMBER_OBJECT_CONVERSION = YES_AGGRESSIVE;
				CLANG_CXX_LANGUAGE_STANDARD = "gnu++14";
				CLANG_CXX_LIBRARY = "libc++";
				CLANG_ENABLE_MODULES = YES;
				CLANG_ENABLE_OBJC_ARC = YES;
				CLANG_ENABLE_OBJC_WEAK = YES;
				CLANG_WARN_BLOCK_CAPTURE_AUTORELEASING = YES;
				CLANG_WARN_BOOL_CONVERSION = YES;
				CLANG_WARN_COMMA = YES;
				CLANG_WARN_CONSTANT_CONVERSION = YES;
				CLANG_WARN_DEPRECATED_OBJC_IMPLEMENTATIONS = YES;
				CLANG_WARN_DIRECT_OBJC_ISA_USAGE = YES_ERROR;
				CLANG_WARN_DOCUMENTATION_COMMENTS = YES;
				CLANG_WARN_EMPTY_BODY = YES;
				CLANG_WARN_ENUM_CONVERSION = YES;
				CLANG_WARN_INFINITE_RECURSION = YES;
				CLANG_WARN_INT_CONVERSION = YES;
				CLANG_WARN_NON_LITERAL_NULL_CONVERSION = YES;
				CLANG_WARN_OBJC_IMPLICIT_RETAIN_SELF = YES;
				CLANG_WARN_OBJC_LITERAL_CONVERSION = YES;
				CLANG_WARN_OBJC_ROOT_CLASS = YES_ERROR;
				CLANG_WARN_RANGE_LOOP_ANALYSIS = YES;
				CLANG_WARN_STRICT_PROTOTYPES = YES;
				CLANG_WARN_SUSPICIOUS_MOVE = YES;
				CLANG_WARN_UNGUARDED_AVAILABILITY = YES_AGGRESSIVE;
				CLANG_WARN_UNREACHABLE_CODE = YES;
				CLANG_WARN__DUPLICATE_METHOD_MATCH = YES;
				CODE_SIGN_IDENTITY = "iPhone Developer";
				COPY_PHASE_STRIP = NO;
				DEBUG_INFORMATION_FORMAT = "dwarf-with-dsym";
				ENABLE_NS_ASSERTIONS = NO;
				ENABLE_STRICT_OBJC_MSGSEND = YES;
				GCC_C_LANGUAGE_STANDARD = gnu11;
				GCC_NO_COMMON_BLOCKS = YES;
				GCC_WARN_64_TO_32_BIT_CONVERSION = YES;
				GCC_WARN_ABOUT_RETURN_TYPE = YES_ERROR;
				GCC_WARN_UNDECLARED_SELECTOR = YES;
				GCC_WARN_UNINITIALIZED_AUTOS = YES_AGGRESSIVE;
				GCC_WARN_UNUSED_FUNCTION = YES;
				GCC_WARN_UNUSED_VARIABLE = YES;
				IPHONEOS_DEPLOYMENT_TARGET = 11.4;
				MTL_ENABLE_DEBUG_INFO = NO;
				SDKROOT = iphoneos;
				SWIFT_COMPILATION_MODE = wholemodule;
				SWIFT_OPTIMIZATION_LEVEL = "-O";
				VALIDATE_PRODUCT = YES;
			};
			name = Release;
		};
		CB78A8D6211E9A3400DEA084 /* Debug */ = {
			isa = XCBuildConfiguration;
			buildSettings = {
				ASSETCATALOG_COMPILER_APPICON_NAME = AppIcon;
				ASSETCATALOG_COMPILER_LAUNCHIMAGE_NAME = LaunchImage;
				CODE_SIGN_IDENTITY = "iPhone Developer";
				CODE_SIGN_STYLE = Automatic;
				DEVELOPMENT_TEAM = SL6B57AC84;
				FRAMEWORK_SEARCH_PATHS = (
					"$(inherited)",
					"$(PROJECT_DIR)/Carthage/Build/iOS",
				);
				INFOPLIST_FILE = ClassGroup/Info.plist;
				IPHONEOS_DEPLOYMENT_TARGET = 11.0;
				LD_RUNPATH_SEARCH_PATHS = (
					"$(inherited)",
					"@executable_path/Frameworks",
				);
				PRODUCT_BUNDLE_IDENTIFIER = cn.corpse.ClassGroup;
				PRODUCT_NAME = "$(TARGET_NAME)";
				PROVISIONING_PROFILE_SPECIFIER = "";
				SWIFT_VERSION = 4.0;
				TARGETED_DEVICE_FAMILY = "1,2";
			};
			name = Debug;
		};
		CB78A8D7211E9A3400DEA084 /* Release */ = {
			isa = XCBuildConfiguration;
			buildSettings = {
				ASSETCATALOG_COMPILER_APPICON_NAME = AppIcon;
				ASSETCATALOG_COMPILER_LAUNCHIMAGE_NAME = LaunchImage;
				CODE_SIGN_IDENTITY = "iPhone Developer";
				CODE_SIGN_STYLE = Automatic;
				DEVELOPMENT_TEAM = SL6B57AC84;
				FRAMEWORK_SEARCH_PATHS = (
					"$(inherited)",
					"$(PROJECT_DIR)/Carthage/Build/iOS",
				);
				INFOPLIST_FILE = ClassGroup/Info.plist;
				IPHONEOS_DEPLOYMENT_TARGET = 11.0;
				LD_RUNPATH_SEARCH_PATHS = (
					"$(inherited)",
					"@executable_path/Frameworks",
				);
				PRODUCT_BUNDLE_IDENTIFIER = cn.corpse.ClassGroup;
				PRODUCT_NAME = "$(TARGET_NAME)";
				PROVISIONING_PROFILE_SPECIFIER = "";
				SWIFT_VERSION = 4.0;
				TARGETED_DEVICE_FAMILY = "1,2";
			};
			name = Release;
		};
		CB78A8D9211E9A3400DEA084 /* Debug */ = {
			isa = XCBuildConfiguration;
			buildSettings = {
				ALWAYS_EMBED_SWIFT_STANDARD_LIBRARIES = YES;
				BUNDLE_LOADER = "$(TEST_HOST)";
				CODE_SIGN_STYLE = Automatic;
				INFOPLIST_FILE = ClassGroupTests/Info.plist;
				LD_RUNPATH_SEARCH_PATHS = (
					"$(inherited)",
					"@executable_path/Frameworks",
					"@loader_path/Frameworks",
				);
				PRODUCT_BUNDLE_IDENTIFIER = cn.corpse.ClassGroupTests;
				PRODUCT_NAME = "$(TARGET_NAME)";
				SWIFT_VERSION = 4.0;
				TARGETED_DEVICE_FAMILY = "1,2";
				TEST_HOST = "$(BUILT_PRODUCTS_DIR)/ClassGroup.app/ClassGroup";
			};
			name = Debug;
		};
		CB78A8DA211E9A3400DEA084 /* Release */ = {
			isa = XCBuildConfiguration;
			buildSettings = {
				ALWAYS_EMBED_SWIFT_STANDARD_LIBRARIES = YES;
				BUNDLE_LOADER = "$(TEST_HOST)";
				CODE_SIGN_STYLE = Automatic;
				INFOPLIST_FILE = ClassGroupTests/Info.plist;
				LD_RUNPATH_SEARCH_PATHS = (
					"$(inherited)",
					"@executable_path/Frameworks",
					"@loader_path/Frameworks",
				);
				PRODUCT_BUNDLE_IDENTIFIER = cn.corpse.ClassGroupTests;
				PRODUCT_NAME = "$(TARGET_NAME)";
				SWIFT_VERSION = 4.0;
				TARGETED_DEVICE_FAMILY = "1,2";
				TEST_HOST = "$(BUILT_PRODUCTS_DIR)/ClassGroup.app/ClassGroup";
			};
			name = Release;
		};
		CB78A8DC211E9A3400DEA084 /* Debug */ = {
			isa = XCBuildConfiguration;
			buildSettings = {
				ALWAYS_EMBED_SWIFT_STANDARD_LIBRARIES = YES;
				CODE_SIGN_STYLE = Automatic;
				INFOPLIST_FILE = ClassGroupUITests/Info.plist;
				LD_RUNPATH_SEARCH_PATHS = (
					"$(inherited)",
					"@executable_path/Frameworks",
					"@loader_path/Frameworks",
				);
				PRODUCT_BUNDLE_IDENTIFIER = cn.corpse.ClassGroupUITests;
				PRODUCT_NAME = "$(TARGET_NAME)";
				SWIFT_VERSION = 4.0;
				TARGETED_DEVICE_FAMILY = "1,2";
				TEST_TARGET_NAME = ClassGroup;
			};
			name = Debug;
		};
		CB78A8DD211E9A3400DEA084 /* Release */ = {
			isa = XCBuildConfiguration;
			buildSettings = {
				ALWAYS_EMBED_SWIFT_STANDARD_LIBRARIES = YES;
				CODE_SIGN_STYLE = Automatic;
				INFOPLIST_FILE = ClassGroupUITests/Info.plist;
				LD_RUNPATH_SEARCH_PATHS = (
					"$(inherited)",
					"@executable_path/Frameworks",
					"@loader_path/Frameworks",
				);
				PRODUCT_BUNDLE_IDENTIFIER = cn.corpse.ClassGroupUITests;
				PRODUCT_NAME = "$(TARGET_NAME)";
				SWIFT_VERSION = 4.0;
				TARGETED_DEVICE_FAMILY = "1,2";
				TEST_TARGET_NAME = ClassGroup;
			};
			name = Release;
		};
/* End XCBuildConfiguration section */

/* Begin XCConfigurationList section */
		CB78A8A8211E9A2E00DEA084 /* Build configuration list for PBXProject "ClassGroup" */ = {
			isa = XCConfigurationList;
			buildConfigurations = (
				CB78A8D3211E9A3400DEA084 /* Debug */,
				CB78A8D4211E9A3400DEA084 /* Release */,
			);
			defaultConfigurationIsVisible = 0;
			defaultConfigurationName = Release;
		};
		CB78A8D5211E9A3400DEA084 /* Build configuration list for PBXNativeTarget "ClassGroup" */ = {
			isa = XCConfigurationList;
			buildConfigurations = (
				CB78A8D6211E9A3400DEA084 /* Debug */,
				CB78A8D7211E9A3400DEA084 /* Release */,
			);
			defaultConfigurationIsVisible = 0;
			defaultConfigurationName = Release;
		};
		CB78A8D8211E9A3400DEA084 /* Build configuration list for PBXNativeTarget "ClassGroupTests" */ = {
			isa = XCConfigurationList;
			buildConfigurations = (
				CB78A8D9211E9A3400DEA084 /* Debug */,
				CB78A8DA211E9A3400DEA084 /* Release */,
			);
			defaultConfigurationIsVisible = 0;
			defaultConfigurationName = Release;
		};
		CB78A8DB211E9A3400DEA084 /* Build configuration list for PBXNativeTarget "ClassGroupUITests" */ = {
			isa = XCConfigurationList;
			buildConfigurations = (
				CB78A8DC211E9A3400DEA084 /* Debug */,
				CB78A8DD211E9A3400DEA084 /* Release */,
			);
			defaultConfigurationIsVisible = 0;
			defaultConfigurationName = Release;
		};
/* End XCConfigurationList section */
	};
	rootObject = CB78A8A5211E9A2E00DEA084 /* Project object */;
}
